{
    "version": 3,
    "terraform_version": "0.11.14",
    "serial": 8,
    "lineage": "118265ec-60b3-efa7-1a2e-84667df6ae7c",
    "modules": [
        {
            "path": [
                "root"
            ],
            "outputs": {},
            "resources": {
                "aws_ecs_service.test-ecs-service": {
                    "type": "aws_ecs_service",
                    "depends_on": [
                        "aws_ecs_task_definition.nginx"
                    ],
                    "primary": {
                        "id": "arn:aws:ecs:us-east-1:835141733713:service/test-ecs-service",
                        "attributes": {
                            "cluster": "ECS_Cluster",
                            "deployment_controller.#": "1",
                            "deployment_controller.0.type": "ECS",
                            "deployment_maximum_percent": "200",
                            "deployment_minimum_healthy_percent": "100",
                            "desired_count": "1",
                            "enable_ecs_managed_tags": "false",
                            "health_check_grace_period_seconds": "0",
                            "iam_role": "ecs-service-role",
                            "id": "arn:aws:ecs:us-east-1:835141733713:service/test-ecs-service",
                            "launch_type": "EC2",
                            "load_balancer.#": "1",
                            "load_balancer.3458631609.container_name": "nginx",
                            "load_balancer.3458631609.container_port": "80",
                            "load_balancer.3458631609.elb_name": "",
                            "load_balancer.3458631609.target_group_arn": "arn:aws:elasticloadbalancing:us-east-1:835141733713:targetgroup/ecs-target-group/1446ad9f4f50dd7b",
                            "name": "test-ecs-service",
                            "network_configuration.#": "0",
                            "ordered_placement_strategy.#": "0",
                            "placement_constraints.#": "0",
                            "placement_strategy.#": "0",
                            "platform_version": "",
                            "propagate_tags": "NONE",
                            "scheduling_strategy": "REPLICA",
                            "service_registries.#": "0",
                            "tags.%": "0",
                            "task_definition": "arn:aws:ecs:us-east-1:835141733713:task-definition/hello_world:22"
                        },
                        "meta": {},
                        "tainted": false
                    },
                    "deposed": [],
                    "provider": "provider.aws"
                },
                "aws_ecs_task_definition.nginx": {
                    "type": "aws_ecs_task_definition",
                    "depends_on": [],
                    "primary": {
                        "id": "hello_world",
                        "attributes": {
                            "arn": "arn:aws:ecs:us-east-1:835141733713:task-definition/hello_world:22",
                            "container_definitions": "[{\"cpu\":0,\"environment\":[],\"essential\":true,\"image\":\"denizzzzp/r1:33333\",\"memory\":500,\"mountPoints\":[],\"name\":\"nginx\",\"portMappings\":[{\"containerPort\":80,\"hostPort\":80,\"protocol\":\"tcp\"}],\"volumesFrom\":[]}]",
                            "cpu": "",
                            "execution_role_arn": "",
                            "family": "hello_world",
                            "id": "hello_world",
                            "memory": "",
                            "network_mode": "",
                            "placement_constraints.#": "0",
                            "proxy_configuration.#": "0",
                            "requires_compatibilities.#": "0",
                            "revision": "22",
                            "tags.%": "0",
                            "task_role_arn": "",
                            "volume.#": "0"
                        },
                        "meta": {
                            "schema_version": "1"
                        },
                        "tainted": false
                    },
                    "deposed": [],
                    "provider": "provider.aws"
                }
            },
            "depends_on": []
        }
    ]
}
